
Microsoft Visual Studio Solution File, Format Version 12.00
# Visual Studio Version 17
VisualStudioVersion = 17.2.32630.192
MinimumVisualStudioVersion = 10.0.40219.1
Project("{FAE04EC0-301F-11D3-BF4B-00C04F79EFBC}") = "Todos", "Todos\Todos.csproj", "{F8378D0B-52B5-42BD-9F39-842BF733DAA3}"
EndProject
Global
	GlobalSection(SolutionConfigurationPlatforms) = preSolution
		Debug|Any CPU = Debug|Any CPU
		Release|Any CPU = Release|Any CPU
	EndGlobalSection
	GlobalSection(ProjectConfigurationPlatforms) = postSolution
		{F8378D0B-52B5-42BD-9F39-842BF733DAA3}.Debug|Any CPU.ActiveCfg = Debug|Any CPU
		{F8378D0B-52B5-42BD-9F39-842BF733DAA3}.Debug|Any CPU.Build.0 = Debug|Any CPU
		{F8378D0B-52B5-42BD-9F39-842BF733DAA3}.Release|Any CPU.ActiveCfg = Release|Any CPU
		{F8378D0B-52B5-42BD-9F39-842BF733DAA3}.Release|Any CPU.Build.0 = Release|Any CPU
	EndGlobalSection
	GlobalSection(SolutionProperties) = preSolution
		HideSolutionNode = FALSE
	EndGlobalSection
	GlobalSection(ExtensibilityGlobals) = postSolution
		SolutionGuid = {FDB79F2B-9481-4A74-A6C7-EEFA8AB329F8}
	EndGlobalSection
EndGlobal
